
Microsoft Visual Studio Solution File, Format Version 12.00
# Visual Studio Version 17
VisualStudioVersion = 17.9.34607.119
MinimumVisualStudioVersion = 10.0.40219.1
Project("{8BC9CEB8-8B4A-11D0-8D11-00A0C91BC942}") = "C++_test", "C++_test\C++_test.vcxproj", "{3FF7C460-9071-4177-A505-2044196EBF3A}"
EndProject
Project("{8BC9CEB8-8B4A-11D0-8D11-00A0C91BC942}") = "指针运算符计算偏移量", "指针运算符计算偏移量\指针运算符计算偏移量.vcxproj", "{D8DDE79A-F568-4C11-A830-F41F36F9359C}"
EndProject
Project("{8BC9CEB8-8B4A-11D0-8D11-00A0C91BC942}") = "Vector容器", "Vector容器\Vector容器.vcxproj", "{624D28DA-4047-4EC7-96BC-F70FEFD0C57B}"
EndProject
Project("{8BC9CEB8-8B4A-11D0-8D11-00A0C91BC942}") = "深拷贝", "深拷贝\深拷贝.vcxproj", "{F2A8F4D8-EEE8-48AF-8C31-12397F820623}"
EndProject
Project("{8BC9CEB8-8B4A-11D0-8D11-00A0C91BC942}") = "模板", "模板\模板.vcxproj", "{5E08C41B-20AA-4428-BEA8-2B1470A0022C}"
EndProject
Project("{8BC9CEB8-8B4A-11D0-8D11-00A0C91BC942}") = "函数指针", "函数指针\函数指针.vcxproj", "{032FD443-075D-4AB6-90DA-8DCD5CBC016E}"
EndProject
Project("{8BC9CEB8-8B4A-11D0-8D11-00A0C91BC942}") = "Lambda表达式", "Lambda表达式\Lambda表达式.vcxproj", "{B0A90ABD-7435-4A5B-B15D-1ADD07CA7B2E}"
EndProject
Project("{8BC9CEB8-8B4A-11D0-8D11-00A0C91BC942}") = "计时", "计时\计时.vcxproj", "{F971C9EE-000D-4EA7-89EA-D7DD541D7239}"
EndProject
Project("{8BC9CEB8-8B4A-11D0-8D11-00A0C91BC942}") = "联合体", "联合体\联合体.vcxproj", "{9760D1CF-0EB6-4F72-9E73-DE585DB8BA90}"
EndProject
Project("{8BC9CEB8-8B4A-11D0-8D11-00A0C91BC942}") = "基准测试", "基准测试\基准测试.vcxproj", "{395C3C45-03FC-4979-8CC5-2D39DE659CE1}"
EndProject
Project("{8BC9CEB8-8B4A-11D0-8D11-00A0C91BC942}") = "Optioanal", "Optioanal\Optioanal.vcxproj", "{8162CAED-BA2A-435C-8C46-7D6AF189DAAA}"
EndProject
Project("{8BC9CEB8-8B4A-11D0-8D11-00A0C91BC942}") = "String_view", "String_view\String_view.vcxproj", "{7DF9AEA7-0FAA-4B7C-9A56-068D5E82D66E}"
EndProject
Project("{8BC9CEB8-8B4A-11D0-8D11-00A0C91BC942}") = "可视化基准测试", "可视化基准测试\可视化基准测试.vcxproj", "{F439845D-E057-4EA4-A28C-847DFB15B9DE}"
EndProject
Project("{8BC9CEB8-8B4A-11D0-8D11-00A0C91BC942}") = "单例设计模式", "单例设计模式\单例设计模式.vcxproj", "{25F8396E-EF83-4EAC-8BE3-67B05A958E8E}"
EndProject
Project("{8BC9CEB8-8B4A-11D0-8D11-00A0C91BC942}") = "new内存跟踪", "new内存跟踪\new内存跟踪.vcxproj", "{791C18AD-D960-43A8-9D3C-E2A1D0BF3792}"
EndProject
Project("{8BC9CEB8-8B4A-11D0-8D11-00A0C91BC942}") = "移动语义", "移动语义\移动语义.vcxproj", "{A00D457F-0985-484B-830E-08DD14E3163F}"
EndProject
Project("{8BC9CEB8-8B4A-11D0-8D11-00A0C91BC942}") = "Shared_Ptr实现", "Shared_Ptr实现\Shared_Ptr实现.vcxproj", "{8757E25C-47BC-40D5-88A0-0DB56A57C44A}"
EndProject
Project("{8BC9CEB8-8B4A-11D0-8D11-00A0C91BC942}") = "Array实现", "Array实现\Array实现.vcxproj", "{1EB7C50F-3D4D-4D77-96EE-4A1CF2BDAAAD}"
EndProject
Project("{8BC9CEB8-8B4A-11D0-8D11-00A0C91BC942}") = "Vector实现", "Vector实现\Vector实现.vcxproj", "{866A709C-8B3F-469B-9604-6C6AD0388EED}"
EndProject
Global
	GlobalSection(SolutionConfigurationPlatforms) = preSolution
		Debug|x64 = Debug|x64
		Debug|x86 = Debug|x86
		Release|x64 = Release|x64
		Release|x86 = Release|x86
	EndGlobalSection
	GlobalSection(ProjectConfigurationPlatforms) = postSolution
		{3FF7C460-9071-4177-A505-2044196EBF3A}.Debug|x64.ActiveCfg = Debug|x64
		{3FF7C460-9071-4177-A505-2044196EBF3A}.Debug|x64.Build.0 = Debug|x64
		{3FF7C460-9071-4177-A505-2044196EBF3A}.Debug|x86.ActiveCfg = Debug|Win32
		{3FF7C460-9071-4177-A505-2044196EBF3A}.Debug|x86.Build.0 = Debug|Win32
		{3FF7C460-9071-4177-A505-2044196EBF3A}.Release|x64.ActiveCfg = Release|x64
		{3FF7C460-9071-4177-A505-2044196EBF3A}.Release|x64.Build.0 = Release|x64
		{3FF7C460-9071-4177-A505-2044196EBF3A}.Release|x86.ActiveCfg = Release|Win32
		{3FF7C460-9071-4177-A505-2044196EBF3A}.Release|x86.Build.0 = Release|Win32
		{D8DDE79A-F568-4C11-A830-F41F36F9359C}.Debug|x64.ActiveCfg = Debug|x64
		{D8DDE79A-F568-4C11-A830-F41F36F9359C}.Debug|x64.Build.0 = Debug|x64
		{D8DDE79A-F568-4C11-A830-F41F36F9359C}.Debug|x86.ActiveCfg = Debug|Win32
		{D8DDE79A-F568-4C11-A830-F41F36F9359C}.Debug|x86.Build.0 = Debug|Win32
		{D8DDE79A-F568-4C11-A830-F41F36F9359C}.Release|x64.ActiveCfg = Release|x64
		{D8DDE79A-F568-4C11-A830-F41F36F9359C}.Release|x64.Build.0 = Release|x64
		{D8DDE79A-F568-4C11-A830-F41F36F9359C}.Release|x86.ActiveCfg = Release|Win32
		{D8DDE79A-F568-4C11-A830-F41F36F9359C}.Release|x86.Build.0 = Release|Win32
		{624D28DA-4047-4EC7-96BC-F70FEFD0C57B}.Debug|x64.ActiveCfg = Debug|x64
		{624D28DA-4047-4EC7-96BC-F70FEFD0C57B}.Debug|x64.Build.0 = Debug|x64
		{624D28DA-4047-4EC7-96BC-F70FEFD0C57B}.Debug|x86.ActiveCfg = Debug|Win32
		{624D28DA-4047-4EC7-96BC-F70FEFD0C57B}.Debug|x86.Build.0 = Debug|Win32
		{624D28DA-4047-4EC7-96BC-F70FEFD0C57B}.Release|x64.ActiveCfg = Release|x64
		{624D28DA-4047-4EC7-96BC-F70FEFD0C57B}.Release|x64.Build.0 = Release|x64
		{624D28DA-4047-4EC7-96BC-F70FEFD0C57B}.Release|x86.ActiveCfg = Release|Win32
		{624D28DA-4047-4EC7-96BC-F70FEFD0C57B}.Release|x86.Build.0 = Release|Win32
		{F2A8F4D8-EEE8-48AF-8C31-12397F820623}.Debug|x64.ActiveCfg = Debug|x64
		{F2A8F4D8-EEE8-48AF-8C31-12397F820623}.Debug|x64.Build.0 = Debug|x64
		{F2A8F4D8-EEE8-48AF-8C31-12397F820623}.Debug|x86.ActiveCfg = Debug|Win32
		{F2A8F4D8-EEE8-48AF-8C31-12397F820623}.Debug|x86.Build.0 = Debug|Win32
		{F2A8F4D8-EEE8-48AF-8C31-12397F820623}.Release|x64.ActiveCfg = Release|x64
		{F2A8F4D8-EEE8-48AF-8C31-12397F820623}.Release|x64.Build.0 = Release|x64
		{F2A8F4D8-EEE8-48AF-8C31-12397F820623}.Release|x86.ActiveCfg = Release|Win32
		{F2A8F4D8-EEE8-48AF-8C31-12397F820623}.Release|x86.Build.0 = Release|Win32
		{5E08C41B-20AA-4428-BEA8-2B1470A0022C}.Debug|x64.ActiveCfg = Debug|x64
		{5E08C41B-20AA-4428-BEA8-2B1470A0022C}.Debug|x64.Build.0 = Debug|x64
		{5E08C41B-20AA-4428-BEA8-2B1470A0022C}.Debug|x86.ActiveCfg = Debug|Win32
		{5E08C41B-20AA-4428-BEA8-2B1470A0022C}.Debug|x86.Build.0 = Debug|Win32
		{5E08C41B-20AA-4428-BEA8-2B1470A0022C}.Release|x64.ActiveCfg = Release|x64
		{5E08C41B-20AA-4428-BEA8-2B1470A0022C}.Release|x64.Build.0 = Release|x64
		{5E08C41B-20AA-4428-BEA8-2B1470A0022C}.Release|x86.ActiveCfg = Release|Win32
		{5E08C41B-20AA-4428-BEA8-2B1470A0022C}.Release|x86.Build.0 = Release|Win32
		{032FD443-075D-4AB6-90DA-8DCD5CBC016E}.Debug|x64.ActiveCfg = Debug|x64
		{032FD443-075D-4AB6-90DA-8DCD5CBC016E}.Debug|x64.Build.0 = Debug|x64
		{032FD443-075D-4AB6-90DA-8DCD5CBC016E}.Debug|x86.ActiveCfg = Debug|Win32
		{032FD443-075D-4AB6-90DA-8DCD5CBC016E}.Debug|x86.Build.0 = Debug|Win32
		{032FD443-075D-4AB6-90DA-8DCD5CBC016E}.Release|x64.ActiveCfg = Release|x64
		{032FD443-075D-4AB6-90DA-8DCD5CBC016E}.Release|x64.Build.0 = Release|x64
		{032FD443-075D-4AB6-90DA-8DCD5CBC016E}.Release|x86.ActiveCfg = Release|Win32
		{032FD443-075D-4AB6-90DA-8DCD5CBC016E}.Release|x86.Build.0 = Release|Win32
		{B0A90ABD-7435-4A5B-B15D-1ADD07CA7B2E}.Debug|x64.ActiveCfg = Debug|x64
		{B0A90ABD-7435-4A5B-B15D-1ADD07CA7B2E}.Debug|x64.Build.0 = Debug|x64
		{B0A90ABD-7435-4A5B-B15D-1ADD07CA7B2E}.Debug|x86.ActiveCfg = Debug|Win32
		{B0A90ABD-7435-4A5B-B15D-1ADD07CA7B2E}.Debug|x86.Build.0 = Debug|Win32
		{B0A90ABD-7435-4A5B-B15D-1ADD07CA7B2E}.Release|x64.ActiveCfg = Release|x64
		{B0A90ABD-7435-4A5B-B15D-1ADD07CA7B2E}.Release|x64.Build.0 = Release|x64
		{B0A90ABD-7435-4A5B-B15D-1ADD07CA7B2E}.Release|x86.ActiveCfg = Release|Win32
		{B0A90ABD-7435-4A5B-B15D-1ADD07CA7B2E}.Release|x86.Build.0 = Release|Win32
		{F971C9EE-000D-4EA7-89EA-D7DD541D7239}.Debug|x64.ActiveCfg = Debug|x64
		{F971C9EE-000D-4EA7-89EA-D7DD541D7239}.Debug|x64.Build.0 = Debug|x64
		{F971C9EE-000D-4EA7-89EA-D7DD541D7239}.Debug|x86.ActiveCfg = Debug|Win32
		{F971C9EE-000D-4EA7-89EA-D7DD541D7239}.Debug|x86.Build.0 = Debug|Win32
		{F971C9EE-000D-4EA7-89EA-D7DD541D7239}.Release|x64.ActiveCfg = Release|x64
		{F971C9EE-000D-4EA7-89EA-D7DD541D7239}.Release|x64.Build.0 = Release|x64
		{F971C9EE-000D-4EA7-89EA-D7DD541D7239}.Release|x86.ActiveCfg = Release|Win32
		{F971C9EE-000D-4EA7-89EA-D7DD541D7239}.Release|x86.Build.0 = Release|Win32
		{9760D1CF-0EB6-4F72-9E73-DE585DB8BA90}.Debug|x64.ActiveCfg = Debug|x64
		{9760D1CF-0EB6-4F72-9E73-DE585DB8BA90}.Debug|x64.Build.0 = Debug|x64
		{9760D1CF-0EB6-4F72-9E73-DE585DB8BA90}.Debug|x86.ActiveCfg = Debug|Win32
		{9760D1CF-0EB6-4F72-9E73-DE585DB8BA90}.Debug|x86.Build.0 = Debug|Win32
		{9760D1CF-0EB6-4F72-9E73-DE585DB8BA90}.Release|x64.ActiveCfg = Release|x64
		{9760D1CF-0EB6-4F72-9E73-DE585DB8BA90}.Release|x64.Build.0 = Release|x64
		{9760D1CF-0EB6-4F72-9E73-DE585DB8BA90}.Release|x86.ActiveCfg = Release|Win32
		{9760D1CF-0EB6-4F72-9E73-DE585DB8BA90}.Release|x86.Build.0 = Release|Win32
		{395C3C45-03FC-4979-8CC5-2D39DE659CE1}.Debug|x64.ActiveCfg = Debug|x64
		{395C3C45-03FC-4979-8CC5-2D39DE659CE1}.Debug|x64.Build.0 = Debug|x64
		{395C3C45-03FC-4979-8CC5-2D39DE659CE1}.Debug|x86.ActiveCfg = Debug|Win32
		{395C3C45-03FC-4979-8CC5-2D39DE659CE1}.Debug|x86.Build.0 = Debug|Win32
		{395C3C45-03FC-4979-8CC5-2D39DE659CE1}.Release|x64.ActiveCfg = Release|x64
		{395C3C45-03FC-4979-8CC5-2D39DE659CE1}.Release|x64.Build.0 = Release|x64
		{395C3C45-03FC-4979-8CC5-2D39DE659CE1}.Release|x86.ActiveCfg = Release|Win32
		{395C3C45-03FC-4979-8CC5-2D39DE659CE1}.Release|x86.Build.0 = Release|Win32
		{8162CAED-BA2A-435C-8C46-7D6AF189DAAA}.Debug|x64.ActiveCfg = Debug|x64
		{8162CAED-BA2A-435C-8C46-7D6AF189DAAA}.Debug|x64.Build.0 = Debug|x64
		{8162CAED-BA2A-435C-8C46-7D6AF189DAAA}.Debug|x86.ActiveCfg = Debug|Win32
		{8162CAED-BA2A-435C-8C46-7D6AF189DAAA}.Debug|x86.Build.0 = Debug|Win32
		{8162CAED-BA2A-435C-8C46-7D6AF189DAAA}.Release|x64.ActiveCfg = Release|x64
		{8162CAED-BA2A-435C-8C46-7D6AF189DAAA}.Release|x64.Build.0 = Release|x64
		{8162CAED-BA2A-435C-8C46-7D6AF189DAAA}.Release|x86.ActiveCfg = Release|Win32
		{8162CAED-BA2A-435C-8C46-7D6AF189DAAA}.Release|x86.Build.0 = Release|Win32
		{7DF9AEA7-0FAA-4B7C-9A56-068D5E82D66E}.Debug|x64.ActiveCfg = Debug|x64
		{7DF9AEA7-0FAA-4B7C-9A56-068D5E82D66E}.Debug|x64.Build.0 = Debug|x64
		{7DF9AEA7-0FAA-4B7C-9A56-068D5E82D66E}.Debug|x86.ActiveCfg = Debug|Win32
		{7DF9AEA7-0FAA-4B7C-9A56-068D5E82D66E}.Debug|x86.Build.0 = Debug|Win32
		{7DF9AEA7-0FAA-4B7C-9A56-068D5E82D66E}.Release|x64.ActiveCfg = Release|x64
		{7DF9AEA7-0FAA-4B7C-9A56-068D5E82D66E}.Release|x64.Build.0 = Release|x64
		{7DF9AEA7-0FAA-4B7C-9A56-068D5E82D66E}.Release|x86.ActiveCfg = Release|Win32
		{7DF9AEA7-0FAA-4B7C-9A56-068D5E82D66E}.Release|x86.Build.0 = Release|Win32
		{F439845D-E057-4EA4-A28C-847DFB15B9DE}.Debug|x64.ActiveCfg = Debug|x64
		{F439845D-E057-4EA4-A28C-847DFB15B9DE}.Debug|x64.Build.0 = Debug|x64
		{F439845D-E057-4EA4-A28C-847DFB15B9DE}.Debug|x86.ActiveCfg = Debug|Win32
		{F439845D-E057-4EA4-A28C-847DFB15B9DE}.Debug|x86.Build.0 = Debug|Win32
		{F439845D-E057-4EA4-A28C-847DFB15B9DE}.Release|x64.ActiveCfg = Release|x64
		{F439845D-E057-4EA4-A28C-847DFB15B9DE}.Release|x64.Build.0 = Release|x64
		{F439845D-E057-4EA4-A28C-847DFB15B9DE}.Release|x86.ActiveCfg = Release|Win32
		{F439845D-E057-4EA4-A28C-847DFB15B9DE}.Release|x86.Build.0 = Release|Win32
		{25F8396E-EF83-4EAC-8BE3-67B05A958E8E}.Debug|x64.ActiveCfg = Debug|x64
		{25F8396E-EF83-4EAC-8BE3-67B05A958E8E}.Debug|x64.Build.0 = Debug|x64
		{25F8396E-EF83-4EAC-8BE3-67B05A958E8E}.Debug|x86.ActiveCfg = Debug|Win32
		{25F8396E-EF83-4EAC-8BE3-67B05A958E8E}.Debug|x86.Build.0 = Debug|Win32
		{25F8396E-EF83-4EAC-8BE3-67B05A958E8E}.Release|x64.ActiveCfg = Release|x64
		{25F8396E-EF83-4EAC-8BE3-67B05A958E8E}.Release|x64.Build.0 = Release|x64
		{25F8396E-EF83-4EAC-8BE3-67B05A958E8E}.Release|x86.ActiveCfg = Release|Win32
		{25F8396E-EF83-4EAC-8BE3-67B05A958E8E}.Release|x86.Build.0 = Release|Win32
		{791C18AD-D960-43A8-9D3C-E2A1D0BF3792}.Debug|x64.ActiveCfg = Debug|x64
		{791C18AD-D960-43A8-9D3C-E2A1D0BF3792}.Debug|x64.Build.0 = Debug|x64
		{791C18AD-D960-43A8-9D3C-E2A1D0BF3792}.Debug|x86.ActiveCfg = Debug|Win32
		{791C18AD-D960-43A8-9D3C-E2A1D0BF3792}.Debug|x86.Build.0 = Debug|Win32
		{791C18AD-D960-43A8-9D3C-E2A1D0BF3792}.Release|x64.ActiveCfg = Release|x64
		{791C18AD-D960-43A8-9D3C-E2A1D0BF3792}.Release|x64.Build.0 = Release|x64
		{791C18AD-D960-43A8-9D3C-E2A1D0BF3792}.Release|x86.ActiveCfg = Release|Win32
		{791C18AD-D960-43A8-9D3C-E2A1D0BF3792}.Release|x86.Build.0 = Release|Win32
		{A00D457F-0985-484B-830E-08DD14E3163F}.Debug|x64.ActiveCfg = Debug|x64
		{A00D457F-0985-484B-830E-08DD14E3163F}.Debug|x64.Build.0 = Debug|x64
		{A00D457F-0985-484B-830E-08DD14E3163F}.Debug|x86.ActiveCfg = Debug|Win32
		{A00D457F-0985-484B-830E-08DD14E3163F}.Debug|x86.Build.0 = Debug|Win32
		{A00D457F-0985-484B-830E-08DD14E3163F}.Release|x64.ActiveCfg = Release|x64
		{A00D457F-0985-484B-830E-08DD14E3163F}.Release|x64.Build.0 = Release|x64
		{A00D457F-0985-484B-830E-08DD14E3163F}.Release|x86.ActiveCfg = Release|Win32
		{A00D457F-0985-484B-830E-08DD14E3163F}.Release|x86.Build.0 = Release|Win32
		{8757E25C-47BC-40D5-88A0-0DB56A57C44A}.Debug|x64.ActiveCfg = Debug|x64
		{8757E25C-47BC-40D5-88A0-0DB56A57C44A}.Debug|x64.Build.0 = Debug|x64
		{8757E25C-47BC-40D5-88A0-0DB56A57C44A}.Debug|x86.ActiveCfg = Debug|Win32
		{8757E25C-47BC-40D5-88A0-0DB56A57C44A}.Debug|x86.Build.0 = Debug|Win32
		{8757E25C-47BC-40D5-88A0-0DB56A57C44A}.Release|x64.ActiveCfg = Release|x64
		{8757E25C-47BC-40D5-88A0-0DB56A57C44A}.Release|x64.Build.0 = Release|x64
		{8757E25C-47BC-40D5-88A0-0DB56A57C44A}.Release|x86.ActiveCfg = Release|Win32
		{8757E25C-47BC-40D5-88A0-0DB56A57C44A}.Release|x86.Build.0 = Release|Win32
		{1EB7C50F-3D4D-4D77-96EE-4A1CF2BDAAAD}.Debug|x64.ActiveCfg = Debug|x64
		{1EB7C50F-3D4D-4D77-96EE-4A1CF2BDAAAD}.Debug|x64.Build.0 = Debug|x64
		{1EB7C50F-3D4D-4D77-96EE-4A1CF2BDAAAD}.Debug|x86.ActiveCfg = Debug|Win32
		{1EB7C50F-3D4D-4D77-96EE-4A1CF2BDAAAD}.Debug|x86.Build.0 = Debug|Win32
		{1EB7C50F-3D4D-4D77-96EE-4A1CF2BDAAAD}.Release|x64.ActiveCfg = Release|x64
		{1EB7C50F-3D4D-4D77-96EE-4A1CF2BDAAAD}.Release|x64.Build.0 = Release|x64
		{1EB7C50F-3D4D-4D77-96EE-4A1CF2BDAAAD}.Release|x86.ActiveCfg = Release|Win32
		{1EB7C50F-3D4D-4D77-96EE-4A1CF2BDAAAD}.Release|x86.Build.0 = Release|Win32
		{866A709C-8B3F-469B-9604-6C6AD0388EED}.Debug|x64.ActiveCfg = Debug|x64
		{866A709C-8B3F-469B-9604-6C6AD0388EED}.Debug|x64.Build.0 = Debug|x64
		{866A709C-8B3F-469B-9604-6C6AD0388EED}.Debug|x86.ActiveCfg = Debug|Win32
		{866A709C-8B3F-469B-9604-6C6AD0388EED}.Debug|x86.Build.0 = Debug|Win32
		{866A709C-8B3F-469B-9604-6C6AD0388EED}.Release|x64.ActiveCfg = Release|x64
		{866A709C-8B3F-469B-9604-6C6AD0388EED}.Release|x64.Build.0 = Release|x64
		{866A709C-8B3F-469B-9604-6C6AD0388EED}.Release|x86.ActiveCfg = Release|Win32
		{866A709C-8B3F-469B-9604-6C6AD0388EED}.Release|x86.Build.0 = Release|Win32
	EndGlobalSection
	GlobalSection(SolutionProperties) = preSolution
		HideSolutionNode = FALSE
	EndGlobalSection
	GlobalSection(ExtensibilityGlobals) = postSolution
		SolutionGuid = {C90B5912-782C-49B8-8EA2-75FD1D99B092}
	EndGlobalSection
EndGlobal
